// !$*UTF8*$!
{
	archiveVersion = 1;
	classes = {
	};
	objectVersion = 46;
	objects = {

/* Begin PBXBuildFile section */
		1A10DC2B1618FF4300A30ABE /* UIKit.framework in Frameworks */ = {isa = PBXBuildFile; fileRef = 1A10DC2A1618FF4300A30ABE /* UIKit.framework */; };
		1A10DC2D1618FF4300A30ABE /* Foundation.framework in Frameworks */ = {isa = PBXBuildFile; fileRef = 1A10DC2C1618FF4300A30ABE /* Foundation.framework */; };
		1A10DC2F1618FF4300A30ABE /* CoreGraphics.framework in Frameworks */ = {isa = PBXBuildFile; fileRef = 1A10DC2E1618FF4300A30ABE /* CoreGraphics.framework */; };
		1A10DC351618FF4300A30ABE /* InfoPlist.strings in Resources */ = {isa = PBXBuildFile; fileRef = 1A10DC331618FF4300A30ABE /* InfoPlist.strings */; };
		1A10DC371618FF4300A30ABE /* main.m in Sources */ = {isa = PBXBuildFile; fileRef = 1A10DC361618FF4300A30ABE /* main.m */; };
		1A10DC3B1618FF4300A30ABE /* AppDelegate.m in Sources */ = {isa = PBXBuildFile; fileRef = 1A10DC3A1618FF4300A30ABE /* AppDelegate.m */; };
		1A10DC3E1618FF4300A30ABE /* MainStoryboard.storyboard in Resources */ = {isa = PBXBuildFile; fileRef = 1A10DC3C1618FF4300A30ABE /* MainStoryboard.storyboard */; };
		1A10DC411618FF4300A30ABE /* ViewController.m in Sources */ = {isa = PBXBuildFile; fileRef = 1A10DC401618FF4300A30ABE /* ViewController.m */; };
		1A10DC4C1619099D00A30ABE /* BasePizza.m in Sources */ = {isa = PBXBuildFile; fileRef = 1A10DC4B1619099D00A30ABE /* BasePizza.m */; };
		1A10DC4F16192DA000A30ABE /* DeepDishPizza.m in Sources */ = {isa = PBXBuildFile; fileRef = 1A10DC4E16192DA000A30ABE /* DeepDishPizza.m */; };
		1A10DC5216192DEC00A30ABE /* ThinCrustPizza.m in Sources */ = {isa = PBXBuildFile; fileRef = 1A10DC5116192DEC00A30ABE /* ThinCrustPizza.m */; };
		1A10DC5516192E4400A30ABE /* StuffedCrustPizza.m in Sources */ = {isa = PBXBuildFile; fileRef = 1A10DC5416192E4400A30ABE /* StuffedCrustPizza.m */; };
/* End PBXBuildFile section */

/* Begin PBXFileReference section */
		1A10DC261618FF4300A30ABE /* testApp.app */ = {isa = PBXFileReference; explicitFileType = wrapper.application; includeInIndex = 0; path = testApp.app; sourceTree = BUILT_PRODUCTS_DIR; };
		1A10DC2A1618FF4300A30ABE /* UIKit.framework */ = {isa = PBXFileReference; lastKnownFileType = wrapper.framework; name = UIKit.framework; path = System/Library/Frameworks/UIKit.framework; sourceTree = SDKROOT; };
		1A10DC2C1618FF4300A30ABE /* Foundation.framework */ = {isa = PBXFileReference; lastKnownFileType = wrapper.framework; name = Foundation.framework; path = System/Library/Frameworks/Foundation.framework; sourceTree = SDKROOT; };
		1A10DC2E1618FF4300A30ABE /* CoreGraphics.framework */ = {isa = PBXFileReference; lastKnownFileType = wrapper.framework; name = CoreGraphics.framework; path = System/Library/Frameworks/CoreGraphics.framework; sourceTree = SDKROOT; };
		1A10DC321618FF4300A30ABE /* testApp-Info.plist */ = {isa = PBXFileReference; lastKnownFileType = text.plist.xml; path = "testApp-Info.plist"; sourceTree = "<group>"; };
		1A10DC341618FF4300A30ABE /* en */ = {isa = PBXFileReference; lastKnownFileType = text.plist.strings; name = en; path = en.lproj/InfoPlist.strings; sourceTree = "<group>"; };
		1A10DC361618FF4300A30ABE /* main.m */ = {isa = PBXFileReference; lastKnownFileType = sourcecode.c.objc; path = main.m; sourceTree = "<group>"; };
		1A10DC381618FF4300A30ABE /* testApp-Prefix.pch */ = {isa = PBXFileReference; lastKnownFileType = sourcecode.c.h; path = "testApp-Prefix.pch"; sourceTree = "<group>"; };
		1A10DC391618FF4300A30ABE /* AppDelegate.h */ = {isa = PBXFileReference; lastKnownFileType = sourcecode.c.h; path = AppDelegate.h; sourceTree = "<group>"; };
		1A10DC3A1618FF4300A30ABE /* AppDelegate.m */ = {isa = PBXFileReference; lastKnownFileType = sourcecode.c.objc; path = AppDelegate.m; sourceTree = "<group>"; };
		1A10DC3D1618FF4300A30ABE /* en */ = {isa = PBXFileReference; lastKnownFileType = file.storyboard; name = en; path = en.lproj/MainStoryboard.storyboard; sourceTree = "<group>"; };
		1A10DC3F1618FF4300A30ABE /* ViewController.h */ = {isa = PBXFileReference; lastKnownFileType = sourcecode.c.h; path = ViewController.h; sourceTree = "<group>"; };
		1A10DC401618FF4300A30ABE /* ViewController.m */ = {isa = PBXFileReference; lastKnownFileType = sourcecode.c.objc; path = ViewController.m; sourceTree = "<group>"; };
		1A10DC4A1619099D00A30ABE /* BasePizza.h */ = {isa = PBXFileReference; fileEncoding = 4; lastKnownFileType = sourcecode.c.h; path = BasePizza.h; sourceTree = "<group>"; };
		1A10DC4B1619099D00A30ABE /* BasePizza.m */ = {isa = PBXFileReference; fileEncoding = 4; lastKnownFileType = sourcecode.c.objc; path = BasePizza.m; sourceTree = "<group>"; };
		1A10DC4D16192DA000A30ABE /* DeepDishPizza.h */ = {isa = PBXFileReference; fileEncoding = 4; lastKnownFileType = sourcecode.c.h; path = DeepDishPizza.h; sourceTree = "<group>"; };
		1A10DC4E16192DA000A30ABE /* DeepDishPizza.m */ = {isa = PBXFileReference; fileEncoding = 4; lastKnownFileType = sourcecode.c.objc; path = DeepDishPizza.m; sourceTree = "<group>"; };
		1A10DC5016192DEC00A30ABE /* ThinCrustPizza.h */ = {isa = PBXFileReference; fileEncoding = 4; lastKnownFileType = sourcecode.c.h; path = ThinCrustPizza.h; sourceTree = "<group>"; };
		1A10DC5116192DEC00A30ABE /* ThinCrustPizza.m */ = {isa = PBXFileReference; fileEncoding = 4; lastKnownFileType = sourcecode.c.objc; path = ThinCrustPizza.m; sourceTree = "<group>"; };
		1A10DC5316192E4400A30ABE /* StuffedCrustPizza.h */ = {isa = PBXFileReference; fileEncoding = 4; lastKnownFileType = sourcecode.c.h; path = StuffedCrustPizza.h; sourceTree = "<group>"; };
		1A10DC5416192E4400A30ABE /* StuffedCrustPizza.m */ = {isa = PBXFileReference; fileEncoding = 4; lastKnownFileType = sourcecode.c.objc; path = StuffedCrustPizza.m; sourceTree = "<group>"; };
/* End PBXFileReference section */

/* Begin PBXFrameworksBuildPhase section */
		1A10DC231618FF4300A30ABE /* Frameworks */ = {
			isa = PBXFrameworksBuildPhase;
			buildActionMask = 2147483647;
			files = (
				1A10DC2B1618FF4300A30ABE /* UIKit.framework in Frameworks */,
				1A10DC2D1618FF4300A30ABE /* Foundation.framework in Frameworks */,
				1A10DC2F1618FF4300A30ABE /* CoreGraphics.framework in Frameworks */,
			);
			runOnlyForDeploymentPostprocessing = 0;
		};
/* End PBXFrameworksBuildPhase section */

/* Begin PBXGroup section */
		1A10DC1B1618FF4300A30ABE = {
			isa = PBXGroup;
			children = (
				1A10DC301618FF4300A30ABE /* testApp */,
				1A10DC291618FF4300A30ABE /* Frameworks */,
				1A10DC271618FF4300A30ABE /* Products */,
			);
			sourceTree = "<group>";
		};
		1A10DC271618FF4300A30ABE /* Products */ = {
			isa = PBXGroup;
			children = (
				1A10DC261618FF4300A30ABE /* testApp.app */,
			);
			name = Products;
			sourceTree = "<group>";
		};
		1A10DC291618FF4300A30ABE /* Frameworks */ = {
			isa = PBXGroup;
			children = (
				1A10DC2A1618FF4300A30ABE /* UIKit.framework */,
				1A10DC2C1618FF4300A30ABE /* Foundation.framework */,
				1A10DC2E1618FF4300A30ABE /* CoreGraphics.framework */,
			);
			name = Frameworks;
			sourceTree = "<group>";
		};
		1A10DC301618FF4300A30ABE /* testApp */ = {
			isa = PBXGroup;
			children = (
				1A10DC391618FF4300A30ABE /* AppDelegate.h */,
				1A10DC3A1618FF4300A30ABE /* AppDelegate.m */,
				1A10DC3C1618FF4300A30ABE /* MainStoryboard.storyboard */,
				1A10DC3F1618FF4300A30ABE /* ViewController.h */,
				1A10DC401618FF4300A30ABE /* ViewController.m */,
				1A10DC311618FF4300A30ABE /* Supporting Files */,
				1A10DC4A1619099D00A30ABE /* BasePizza.h */,
				1A10DC4B1619099D00A30ABE /* BasePizza.m */,
				1A10DC4D16192DA000A30ABE /* DeepDishPizza.h */,
				1A10DC4E16192DA000A30ABE /* DeepDishPizza.m */,
				1A10DC5016192DEC00A30ABE /* ThinCrustPizza.h */,
				1A10DC5116192DEC00A30ABE /* ThinCrustPizza.m */,
				1A10DC5316192E4400A30ABE /* StuffedCrustPizza.h */,
				1A10DC5416192E4400A30ABE /* StuffedCrustPizza.m */,
			);
			path = testApp;
			sourceTree = "<group>";
		};
		1A10DC311618FF4300A30ABE /* Supporting Files */ = {
			isa = PBXGroup;
			children = (
				1A10DC321618FF4300A30ABE /* testApp-Info.plist */,
				1A10DC331618FF4300A30ABE /* InfoPlist.strings */,
				1A10DC361618FF4300A30ABE /* main.m */,
				1A10DC381618FF4300A30ABE /* testApp-Prefix.pch */,
			);
			name = "Supporting Files";
			sourceTree = "<group>";
		};
/* End PBXGroup section */

/* Begin PBXNativeTarget section */
		1A10DC251618FF4300A30ABE /* testApp */ = {
			isa = PBXNativeTarget;
			buildConfigurationList = 1A10DC441618FF4300A30ABE /* Build configuration list for PBXNativeTarget "testApp" */;
			buildPhases = (
				1A10DC221618FF4300A30ABE /* Sources */,
				1A10DC231618FF4300A30ABE /* Frameworks */,
				1A10DC241618FF4300A30ABE /* Resources */,
			);
			buildRules = (
			);
			dependencies = (
			);
			name = testApp;
			productName = testApp;
			productReference = 1A10DC261618FF4300A30ABE /* testApp.app */;
			productType = "com.apple.product-type.application";
		};
/* End PBXNativeTarget section */

/* Begin PBXProject section */
		1A10DC1D1618FF4300A30ABE /* Project object */ = {
			isa = PBXProject;
			attributes = {
				LastUpgradeCheck = 0440;
				ORGANIZATIONNAME = "James Floyd II";
			};
			buildConfigurationList = 1A10DC201618FF4300A30ABE /* Build configuration list for PBXProject "testApp" */;
			compatibilityVersion = "Xcode 3.2";
			developmentRegion = English;
			hasScannedForEncodings = 0;
			knownRegions = (
				en,
			);
			mainGroup = 1A10DC1B1618FF4300A30ABE;
			productRefGroup = 1A10DC271618FF4300A30ABE /* Products */;
			projectDirPath = "";
			projectRoot = "";
			targets = (
				1A10DC251618FF4300A30ABE /* testApp */,
			);
		};
/* End PBXProject section */

/* Begin PBXResourcesBuildPhase section */
		1A10DC241618FF4300A30ABE /* Resources */ = {
			isa = PBXResourcesBuildPhase;
			buildActionMask = 2147483647;
			files = (
				1A10DC351618FF4300A30ABE /* InfoPlist.strings in Resources */,
				1A10DC3E1618FF4300A30ABE /* MainStoryboard.storyboard in Resources */,
			);
			runOnlyForDeploymentPostprocessing = 0;
		};
/* End PBXResourcesBuildPhase section */

/* Begin PBXSourcesBuildPhase section */
		1A10DC221618FF4300A30ABE /* Sources */ = {
			isa = PBXSourcesBuildPhase;
			buildActionMask = 2147483647;
			files = (
				1A10DC371618FF4300A30ABE /* main.m in Sources */,
				1A10DC3B1618FF4300A30ABE /* AppDelegate.m in Sources */,
				1A10DC411618FF4300A30ABE /* ViewController.m in Sources */,
				1A10DC4C1619099D00A30ABE /* BasePizza.m in Sources */,
				1A10DC4F16192DA000A30ABE /* DeepDishPizza.m in Sources */,
				1A10DC5216192DEC00A30ABE /* ThinCrustPizza.m in Sources */,
				1A10DC5516192E4400A30ABE /* StuffedCrustPizza.m in Sources */,
			);
			runOnlyForDeploymentPostprocessing = 0;
		};
/* End PBXSourcesBuildPhase section */

/* Begin PBXVariantGroup section */
		1A10DC331618FF4300A30ABE /* InfoPlist.strings */ = {
			isa = PBXVariantGroup;
			children = (
				1A10DC341618FF4300A30ABE /* en */,
			);
			name = InfoPlist.strings;
			sourceTree = "<group>";
		};
		1A10DC3C1618FF4300A30ABE /* MainStoryboard.storyboard */ = {
			isa = PBXVariantGroup;
			children = (
				1A10DC3D1618FF4300A30ABE /* en */,
			);
			name = MainStoryboard.storyboard;
			sourceTree = "<group>";
		};
/* End PBXVariantGroup section */

/* Begin XCBuildConfiguration section */
		1A10DC421618FF4300A30ABE /* Debug */ = {
			isa = XCBuildConfiguration;
			buildSettings = {
				ALWAYS_SEARCH_USER_PATHS = NO;
				ARCHS = "$(ARCHS_STANDARD_32_BIT)";
				CLANG_CXX_LANGUAGE_STANDARD = "gnu++0x";
				CLANG_ENABLE_OBJC_ARC = YES;
				CLANG_WARN__DUPLICATE_METHOD_MATCH = YES;
				"CODE_SIGN_IDENTITY[sdk=iphoneos*]" = "iPhone Developer";
				COPY_PHASE_STRIP = NO;
				GCC_C_LANGUAGE_STANDARD = gnu99;
				GCC_DYNAMIC_NO_PIC = NO;
				GCC_OPTIMIZATION_LEVEL = 0;
				GCC_PREPROCESSOR_DEFINITIONS = (
					"DEBUG=1",
					"$(inherited)",
				);
				GCC_SYMBOLS_PRIVATE_EXTERN = NO;
				GCC_VERSION = com.apple.compilers.llvm.clang.1_0;
				GCC_WARN_ABOUT_RETURN_TYPE = YES;
				GCC_WARN_UNINITIALIZED_AUTOS = YES;
				GCC_WARN_UNUSED_VARIABLE = YES;
				IPHONEOS_DEPLOYMENT_TARGET = 5.1;
				SDKROOT = iphoneos;
			};
			name = Debug;
		};
		1A10DC431618FF4300A30ABE /* Release */ = {
			isa = XCBuildConfiguration;
			buildSettings = {
				ALWAYS_SEARCH_USER_PATHS = NO;
				ARCHS = "$(ARCHS_STANDARD_32_BIT)";
				CLANG_CXX_LANGUAGE_STANDARD = "gnu++0x";
				CLANG_ENABLE_OBJC_ARC = YES;
				CLANG_WARN__DUPLICATE_METHOD_MATCH = YES;
				"CODE_SIGN_IDENTITY[sdk=iphoneos*]" = "iPhone Developer";
				COPY_PHASE_STRIP = YES;
				GCC_C_LANGUAGE_STANDARD = gnu99;
				GCC_VERSION = com.apple.compilers.llvm.clang.1_0;
				GCC_WARN_ABOUT_RETURN_TYPE = YES;
				GCC_WARN_UNINITIALIZED_AUTOS = YES;
				GCC_WARN_UNUSED_VARIABLE = YES;
				IPHONEOS_DEPLOYMENT_TARGET = 5.1;
				OTHER_CFLAGS = "-DNS_BLOCK_ASSERTIONS=1";
				SDKROOT = iphoneos;
				VALIDATE_PRODUCT = YES;
			};
			name = Release;
		};
		1A10DC451618FF4300A30ABE /* Debug */ = {
			isa = XCBuildConfiguration;
			buildSettings = {
				GCC_PRECOMPILE_PREFIX_HEADER = YES;
				GCC_PREFIX_HEADER = "testApp/testApp-Prefix.pch";
				INFOPLIST_FILE = "testApp/testApp-Info.plist";
				PRODUCT_NAME = "$(TARGET_NAME)";
				WRAPPER_EXTENSION = app;
			};
			name = Debug;
		};
		1A10DC461618FF4300A30ABE /* Release */ = {
			isa = XCBuildConfiguration;
			buildSettings = {
				GCC_PRECOMPILE_PREFIX_HEADER = YES;
				GCC_PREFIX_HEADER = "testApp/testApp-Prefix.pch";
				INFOPLIST_FILE = "testApp/testApp-Info.plist";
				PRODUCT_NAME = "$(TARGET_NAME)";
				WRAPPER_EXTENSION = app;
			};
			name = Release;
		};
/* End XCBuildConfiguration section */

/* Begin XCConfigurationList section */
		1A10DC201618FF4300A30ABE /* Build configuration list for PBXProject "testApp" */ = {
			isa = XCConfigurationList;
			buildConfigurations = (
				1A10DC421618FF4300A30ABE /* Debug */,
				1A10DC431618FF4300A30ABE /* Release */,
			);
			defaultConfigurationIsVisible = 0;
			defaultConfigurationName = Release;
		};
		1A10DC441618FF4300A30ABE /* Build configuration list for PBXNativeTarget "testApp" */ = {
			isa = XCConfigurationList;
			buildConfigurations = (
				1A10DC451618FF4300A30ABE /* Debug */,
				1A10DC461618FF4300A30ABE /* Release */,
			);
			defaultConfigurationIsVisible = 0;
		};
/* End XCConfigurationList section */
	};
	rootObject = 1A10DC1D1618FF4300A30ABE /* Project object */;
}
